
Microsoft Visual Studio Solution File, Format Version 12.00
# Visual Studio 2013
VisualStudioVersion = 12.0.31101.0
MinimumVisualStudioVersion = 10.0.40219.1
Project("{FAE04EC0-301F-11D3-BF4B-00C04F79EFBC}") = "SantaOffice.Service", "Source\SantaHo.Console\SantaOffice.Service.csproj", "{A8AC2F15-09CD-4545-8849-088EC61F9C2C}"
EndProject
Project("{FAE04EC0-301F-11D3-BF4B-00C04F79EFBC}") = "Infrastructure", "Source\SantaHo.Infrastructure\Infrastructure.csproj", "{9BE57860-75D8-451E-8B6C-B86A6E72C407}"
EndProject
Project("{FAE04EC0-301F-11D3-BF4B-00C04F79EFBC}") = "GoodBoy.Bot", "Source\GoodBoy.Bot\GoodBoy.Bot.csproj", "{1A5ACF8B-D9B2-4EA5-8E31-E861618B2297}"
EndProject
Project("{FAE04EC0-301F-11D3-BF4B-00C04F79EFBC}") = "Domain", "Source\SantaHo.Domain\Domain.csproj", "{6DF91132-B02B-4B67-BFC5-1AD5561D3A0E}"
EndProject
Project("{FAE04EC0-301F-11D3-BF4B-00C04F79EFBC}") = "Core", "Source\SantaHo.Core\Core.csproj", "{9AF869C7-117D-49C3-9762-4F1B0AF8767F}"
EndProject
Project("{FAE04EC0-301F-11D3-BF4B-00C04F79EFBC}") = "FrontEnd.ServiceContracts", "Source\SantaHo.ServiceContracts\FrontEnd.ServiceContracts.csproj", "{782AACBB-9E17-466A-95DA-31B0D339104B}"
EndProject
Project("{FAE04EC0-301F-11D3-BF4B-00C04F79EFBC}") = "UnitTests", "Source\UnitTests\UnitTests.csproj", "{40EEFE1B-C165-465C-A1A7-59E110B64196}"
EndProject
Project("{2150E333-8FDC-42A3-9474-1A3956D46DE8}") = ".nuget", ".nuget", "{1020D321-0E7E-486D-AD19-7D6DE23B122D}"
	ProjectSection(SolutionItems) = preProject
		.nuget\NuGet.Config = .nuget\NuGet.Config
		.nuget\NuGet.exe = .nuget\NuGet.exe
		.nuget\NuGet.targets = .nuget\NuGet.targets
	EndProjectSection
EndProject
Project("{FAE04EC0-301F-11D3-BF4B-00C04F79EFBC}") = "Infrastructure.Core", "Source\SantaHo.Infrastructure.Core\Infrastructure.Core.csproj", "{E8C4E7C2-7AEF-4B7E-BEFC-142142C18F48}"
EndProject
Project("{FAE04EC0-301F-11D3-BF4B-00C04F79EFBC}") = "FrontEnd.Service", "Source\FrontEnd.Service\FrontEnd.Service.csproj", "{2A4D4EDC-18EE-4D66-85F4-A63C5721DF00}"
EndProject
Project("{2150E333-8FDC-42A3-9474-1A3956D46DE8}") = "Infrastructure", "Infrastructure", "{1DC3B777-7380-4E8B-8BC8-B9506309EF54}"
EndProject
Project("{2150E333-8FDC-42A3-9474-1A3956D46DE8}") = "FrontEnd", "FrontEnd", "{5471FD74-EA94-4890-8895-BAE1BDC89077}"
EndProject
Project("{FAE04EC0-301F-11D3-BF4B-00C04F79EFBC}") = "FluffyRabbit", "Source\Infrastructure.Rabbit\FluffyRabbit.csproj", "{EF588050-9EE9-44F3-8337-B08A48DD992F}"
EndProject
Project("{2150E333-8FDC-42A3-9474-1A3956D46DE8}") = "Bots", "Bots", "{44B66316-19FB-49D3-B650-C24D148F9C81}"
EndProject
Global
	GlobalSection(SolutionConfigurationPlatforms) = preSolution
		Debug|Any CPU = Debug|Any CPU
		Release|Any CPU = Release|Any CPU
	EndGlobalSection
	GlobalSection(ProjectConfigurationPlatforms) = postSolution
		{A8AC2F15-09CD-4545-8849-088EC61F9C2C}.Debug|Any CPU.ActiveCfg = Debug|Any CPU
		{A8AC2F15-09CD-4545-8849-088EC61F9C2C}.Debug|Any CPU.Build.0 = Debug|Any CPU
		{A8AC2F15-09CD-4545-8849-088EC61F9C2C}.Release|Any CPU.ActiveCfg = Release|Any CPU
		{A8AC2F15-09CD-4545-8849-088EC61F9C2C}.Release|Any CPU.Build.0 = Release|Any CPU
		{9BE57860-75D8-451E-8B6C-B86A6E72C407}.Debug|Any CPU.ActiveCfg = Debug|Any CPU
		{9BE57860-75D8-451E-8B6C-B86A6E72C407}.Debug|Any CPU.Build.0 = Debug|Any CPU
		{9BE57860-75D8-451E-8B6C-B86A6E72C407}.Release|Any CPU.ActiveCfg = Release|Any CPU
		{9BE57860-75D8-451E-8B6C-B86A6E72C407}.Release|Any CPU.Build.0 = Release|Any CPU
		{1A5ACF8B-D9B2-4EA5-8E31-E861618B2297}.Debug|Any CPU.ActiveCfg = Debug|Any CPU
		{1A5ACF8B-D9B2-4EA5-8E31-E861618B2297}.Debug|Any CPU.Build.0 = Debug|Any CPU
		{1A5ACF8B-D9B2-4EA5-8E31-E861618B2297}.Release|Any CPU.ActiveCfg = Release|Any CPU
		{1A5ACF8B-D9B2-4EA5-8E31-E861618B2297}.Release|Any CPU.Build.0 = Release|Any CPU
		{6DF91132-B02B-4B67-BFC5-1AD5561D3A0E}.Debug|Any CPU.ActiveCfg = Debug|Any CPU
		{6DF91132-B02B-4B67-BFC5-1AD5561D3A0E}.Debug|Any CPU.Build.0 = Debug|Any CPU
		{6DF91132-B02B-4B67-BFC5-1AD5561D3A0E}.Release|Any CPU.ActiveCfg = Release|Any CPU
		{6DF91132-B02B-4B67-BFC5-1AD5561D3A0E}.Release|Any CPU.Build.0 = Release|Any CPU
		{9AF869C7-117D-49C3-9762-4F1B0AF8767F}.Debug|Any CPU.ActiveCfg = Debug|Any CPU
		{9AF869C7-117D-49C3-9762-4F1B0AF8767F}.Debug|Any CPU.Build.0 = Debug|Any CPU
		{9AF869C7-117D-49C3-9762-4F1B0AF8767F}.Release|Any CPU.ActiveCfg = Release|Any CPU
		{9AF869C7-117D-49C3-9762-4F1B0AF8767F}.Release|Any CPU.Build.0 = Release|Any CPU
		{782AACBB-9E17-466A-95DA-31B0D339104B}.Debug|Any CPU.ActiveCfg = Debug|Any CPU
		{782AACBB-9E17-466A-95DA-31B0D339104B}.Debug|Any CPU.Build.0 = Debug|Any CPU
		{782AACBB-9E17-466A-95DA-31B0D339104B}.Release|Any CPU.ActiveCfg = Release|Any CPU
		{782AACBB-9E17-466A-95DA-31B0D339104B}.Release|Any CPU.Build.0 = Release|Any CPU
		{40EEFE1B-C165-465C-A1A7-59E110B64196}.Debug|Any CPU.ActiveCfg = Debug|Any CPU
		{40EEFE1B-C165-465C-A1A7-59E110B64196}.Debug|Any CPU.Build.0 = Debug|Any CPU
		{40EEFE1B-C165-465C-A1A7-59E110B64196}.Release|Any CPU.ActiveCfg = Release|Any CPU
		{40EEFE1B-C165-465C-A1A7-59E110B64196}.Release|Any CPU.Build.0 = Release|Any CPU
		{E8C4E7C2-7AEF-4B7E-BEFC-142142C18F48}.Debug|Any CPU.ActiveCfg = Debug|Any CPU
		{E8C4E7C2-7AEF-4B7E-BEFC-142142C18F48}.Debug|Any CPU.Build.0 = Debug|Any CPU
		{E8C4E7C2-7AEF-4B7E-BEFC-142142C18F48}.Release|Any CPU.ActiveCfg = Release|Any CPU
		{E8C4E7C2-7AEF-4B7E-BEFC-142142C18F48}.Release|Any CPU.Build.0 = Release|Any CPU
		{2A4D4EDC-18EE-4D66-85F4-A63C5721DF00}.Debug|Any CPU.ActiveCfg = Debug|Any CPU
		{2A4D4EDC-18EE-4D66-85F4-A63C5721DF00}.Debug|Any CPU.Build.0 = Debug|Any CPU
		{2A4D4EDC-18EE-4D66-85F4-A63C5721DF00}.Release|Any CPU.ActiveCfg = Release|Any CPU
		{2A4D4EDC-18EE-4D66-85F4-A63C5721DF00}.Release|Any CPU.Build.0 = Release|Any CPU
		{EF588050-9EE9-44F3-8337-B08A48DD992F}.Debug|Any CPU.ActiveCfg = Debug|Any CPU
		{EF588050-9EE9-44F3-8337-B08A48DD992F}.Debug|Any CPU.Build.0 = Debug|Any CPU
		{EF588050-9EE9-44F3-8337-B08A48DD992F}.Release|Any CPU.ActiveCfg = Release|Any CPU
		{EF588050-9EE9-44F3-8337-B08A48DD992F}.Release|Any CPU.Build.0 = Release|Any CPU
	EndGlobalSection
	GlobalSection(SolutionProperties) = preSolution
		HideSolutionNode = FALSE
	EndGlobalSection
	GlobalSection(NestedProjects) = preSolution
		{9BE57860-75D8-451E-8B6C-B86A6E72C407} = {1DC3B777-7380-4E8B-8BC8-B9506309EF54}
		{1A5ACF8B-D9B2-4EA5-8E31-E861618B2297} = {44B66316-19FB-49D3-B650-C24D148F9C81}
		{782AACBB-9E17-466A-95DA-31B0D339104B} = {5471FD74-EA94-4890-8895-BAE1BDC89077}
		{E8C4E7C2-7AEF-4B7E-BEFC-142142C18F48} = {1DC3B777-7380-4E8B-8BC8-B9506309EF54}
		{2A4D4EDC-18EE-4D66-85F4-A63C5721DF00} = {5471FD74-EA94-4890-8895-BAE1BDC89077}
		{EF588050-9EE9-44F3-8337-B08A48DD992F} = {1DC3B777-7380-4E8B-8BC8-B9506309EF54}
	EndGlobalSection
EndGlobal
